// !$*UTF8*$!
{
	archiveVersion = 1;
	classes = {
	};
	objectVersion = 56;
	objects = {

/* Begin PBXBuildFile section */
		FCBC887D6FB7470AB5277F3A /* CountDownApp.swift in Sources */ = {isa = PBXBuildFile; fileRef = E76A43608BA74C218457F244 /* CountDownApp.swift */; };
		2074633A40F541D5ADA777E8 /* ContentView.swift in Sources */ = {isa = PBXBuildFile; fileRef = A0974167B7D24D15A820A578 /* ContentView.swift */; };
		1F737A2FFAF74D8D813746F1 /* AddEventView.swift in Sources */ = {isa = PBXBuildFile; fileRef = 7E0CA1C3F23644F2A6390995 /* AddEventView.swift */; };
		1B7F87E1BE714D2CA0D390A4 /* EventDetailView.swift in Sources */ = {isa = PBXBuildFile; fileRef = F51C365E1A8D46448834EBF2 /* EventDetailView.swift */; };
		6DBAEAEC8B19461AA8D9FE25 /* CountdownEvent.swift in Sources */ = {isa = PBXBuildFile; fileRef = E591D63A17934D03B0B63DC9 /* CountdownEvent.swift */; };
		7D5E365EC86B4768AE32B304 /* LunarCalendar.swift in Sources */ = {isa = PBXBuildFile; fileRef = DCD5176518174E46A6686636 /* LunarCalendar.swift */; };
		DD97954FD2624D12A1755276 /* ThemeManager.swift in Sources */ = {isa = PBXBuildFile; fileRef = D0B9346D7A004655B137334E /* ThemeManager.swift */; };
		265F0D82B1D141B7A30D8144 /* NotificationManager.swift in Sources */ = {isa = PBXBuildFile; fileRef = BFDDC3620711433F86D9BCE2 /* NotificationManager.swift */; };
		EEFC6D379C434029BAB31BE6 /* Assets.xcassets in Resources */ = {isa = PBXBuildFile; fileRef = 7C2BF1E554F548BB8BAADBFA /* Assets.xcassets */; };
		BE60BB09F3EF450BB5B1BCC0 /* CountDownWidget.swift in Sources */ = {isa = PBXBuildFile; fileRef = BE5A673B51B941EB91BD8057 /* CountDownWidget.swift */; };
		0B53319138F148D8A6CED019 /* Assets.xcassets in Resources */ = {isa = PBXBuildFile; fileRef = 1374F1E1F2B34616853A4DE4 /* Assets.xcassets */; };
/* End PBXBuildFile section */

/* Begin PBXFileReference section */
		27DE61509E5041128BB9F5E1 /* CountDown.app */ = {isa = PBXFileReference; explicitFileType = wrapper.application; includeInIndex = 0; path = CountDown.app; sourceTree = BUILT_PRODUCTS_DIR; };
		C025EACF0B704D80A4B9D963 /* CountDownWidget.appex */ = {isa = PBXFileReference; explicitFileType = wrapper.app-extension; includeInIndex = 0; path = CountDownWidget.appex; sourceTree = BUILT_PRODUCTS_DIR; };
		E76A43608BA74C218457F244 /* CountDownApp.swift */ = {isa = PBXFileReference; lastKnownFileType = sourcecode.swift; path = CountDownApp.swift; sourceTree = "<group>"; };
		A0974167B7D24D15A820A578 /* ContentView.swift */ = {isa = PBXFileReference; lastKnownFileType = sourcecode.swift; path = ContentView.swift; sourceTree = "<group>"; };
		7E0CA1C3F23644F2A6390995 /* AddEventView.swift */ = {isa = PBXFileReference; lastKnownFileType = sourcecode.swift; path = AddEventView.swift; sourceTree = "<group>"; };
		F51C365E1A8D46448834EBF2 /* EventDetailView.swift */ = {isa = PBXFileReference; lastKnownFileType = sourcecode.swift; path = EventDetailView.swift; sourceTree = "<group>"; };
		E591D63A17934D03B0B63DC9 /* CountdownEvent.swift */ = {isa = PBXFileReference; lastKnownFileType = sourcecode.swift; path = CountdownEvent.swift; sourceTree = "<group>"; };
		DCD5176518174E46A6686636 /* LunarCalendar.swift */ = {isa = PBXFileReference; lastKnownFileType = sourcecode.swift; path = LunarCalendar.swift; sourceTree = "<group>"; };
		D0B9346D7A004655B137334E /* ThemeManager.swift */ = {isa = PBXFileReference; lastKnownFileType = sourcecode.swift; path = ThemeManager.swift; sourceTree = "<group>"; };
		BFDDC3620711433F86D9BCE2 /* NotificationManager.swift */ = {isa = PBXFileReference; lastKnownFileType = sourcecode.swift; path = NotificationManager.swift; sourceTree = "<group>"; };
		7C2BF1E554F548BB8BAADBFA /* Assets.xcassets */ = {isa = PBXFileReference; lastKnownFileType = folder.assetcatalog; path = Assets.xcassets; sourceTree = "<group>"; };
		1AB991E45E924C70A7FF0A8C /* Info.plist */ = {isa = PBXFileReference; lastKnownFileType = text.plist.xml; path = Info.plist; sourceTree = "<group>"; };
		BE5A673B51B941EB91BD8057 /* CountDownWidget.swift */ = {isa = PBXFileReference; lastKnownFileType = sourcecode.swift; path = CountDownWidget.swift; sourceTree = "<group>"; };
		1374F1E1F2B34616853A4DE4 /* Assets.xcassets */ = {isa = PBXFileReference; lastKnownFileType = folder.assetcatalog; path = Assets.xcassets; sourceTree = "<group>"; };
		6B69C5C37BE14A689AEBDFDF /* Info.plist */ = {isa = PBXFileReference; lastKnownFileType = text.plist.xml; path = Info.plist; sourceTree = "<group>"; };
/* End PBXFileReference section */

/* Begin PBXFrameworksBuildPhase section */
		4007932145B4488581A6D310 /* Frameworks */ = {
			isa = PBXFrameworksBuildPhase;
			buildActionMask = 2147483647;
			files = (
			);
			runOnlyForDeploymentPostprocessing = 0;
		};
		3E35752A194B4FFB80516B01 /* Frameworks */ = {
			isa = PBXFrameworksBuildPhase;
			buildActionMask = 2147483647;
			files = (
			);
			runOnlyForDeploymentPostprocessing = 0;
		};
/* End PBXFrameworksBuildPhase section */

/* Begin PBXGroup section */
		4B1BA6DC914743F582C1F8F0 = {
			isa = PBXGroup;
			children = (
				087191AC1F1E46118DD2EB24 /* CountDown */,
				D11859ECE55041A39DF14BA7 /* CountDownWidget */,
				833FEEBDC8D6429FBA8D6863 /* Frameworks */,
				E61AA139E70D451EA6E09F44 /* Products */,
			);
			sourceTree = "<group>";
		};
		E61AA139E70D451EA6E09F44 /* Products */ = {
			isa = PBXGroup;
			children = (
				27DE61509E5041128BB9F5E1 /* CountDown.app */,
				C025EACF0B704D80A4B9D963 /* CountDownWidget.appex */,
			);
			name = Products;
			sourceTree = "<group>";
		};
		087191AC1F1E46118DD2EB24 /* CountDown */ = {
			isa = PBXGroup;
			children = (
				E76A43608BA74C218457F244 /* CountDownApp.swift */,
				43DC1DDAFD894421B0F88822 /* Views */,
				0B41B732ED2342BB993AF675 /* Models */,
				7C2BF1E554F548BB8BAADBFA /* Assets.xcassets */,
				1AB991E45E924C70A7FF0A8C /* Info.plist */,
			);
			path = CountDown;
			sourceTree = "<group>";
		};
		43DC1DDAFD894421B0F88822 /* Views */ = {
			isa = PBXGroup;
			children = (
				A0974167B7D24D15A820A578 /* ContentView.swift */,
				7E0CA1C3F23644F2A6390995 /* AddEventView.swift */,
				F51C365E1A8D46448834EBF2 /* EventDetailView.swift */,
			);
			path = Views;
			sourceTree = "<group>";
		};
		0B41B732ED2342BB993AF675 /* Models */ = {
			isa = PBXGroup;
			children = (
				E591D63A17934D03B0B63DC9 /* CountdownEvent.swift */,
				DCD5176518174E46A6686636 /* LunarCalendar.swift */,
				D0B9346D7A004655B137334E /* ThemeManager.swift */,
				BFDDC3620711433F86D9BCE2 /* NotificationManager.swift */,
			);
			path = Models;
			sourceTree = "<group>";
		};
		D11859ECE55041A39DF14BA7 /* CountDownWidget */ = {
			isa = PBXGroup;
			children = (
				BE5A673B51B941EB91BD8057 /* CountDownWidget.swift */,
				1374F1E1F2B34616853A4DE4 /* Assets.xcassets */,
				6B69C5C37BE14A689AEBDFDF /* Info.plist */,
			);
			path = CountDownWidget;
			sourceTree = "<group>";
		};
		833FEEBDC8D6429FBA8D6863 /* Frameworks */ = {
			isa = PBXGroup;
			children = (
			);
			name = Frameworks;
			sourceTree = "<group>";
		};
/* End PBXGroup section */

/* Begin PBXNativeTarget section */
		CD12FFE22DC94569A313A194 /* CountDown */ = {
			isa = PBXNativeTarget;
			buildConfigurationList = 0302A5FBAE07499283110338 /* Build configuration list for PBXNativeTarget "CountDown" */;
			buildPhases = (
				106A3792027C44C49E22A8FA /* Sources */,
				4007932145B4488581A6D310 /* Frameworks */,
				901C672FFD7647B59BE18DC8 /* Resources */,
			);
			buildRules = (
			);
			dependencies = (
			);
			name = CountDown;
			productName = CountDown;
			productReference = 27DE61509E5041128BB9F5E1 /* CountDown.app */;
			productType = "com.apple.product-type.application";
		};
		3E6C992BC8BC43A09339747C /* CountDownWidget */ = {
			isa = PBXNativeTarget;
			buildConfigurationList = 465D6C10797F45F383AFC00E /* Build configuration list for PBXNativeTarget "CountDownWidget" */;
			buildPhases = (
				DB409FFDC034455DA250D78F /* Sources */,
				3E35752A194B4FFB80516B01 /* Frameworks */,
				35EB61ADE58C4C45A9E190FF /* Resources */,
			);
			buildRules = (
			);
			dependencies = (
			);
			name = CountDownWidget;
			productName = CountDownWidget;
			productReference = C025EACF0B704D80A4B9D963 /* CountDownWidget.appex */;
			productType = "com.apple.product-type.app-extension";
		};
/* End PBXNativeTarget section */

/* Begin PBXProject section */
		3B1E95441F24486FA62BB6DD /* Project object */ = {
			isa = PBXProject;
			buildConfigurationList = E85720A6BFBC46E4AA99EE3C /* Build configuration list for PBXProject "CountDown" */;
			compatibilityVersion = "Xcode 14.0";
			developmentRegion = en;
			hasScannedForEncodings = 0;
			knownRegions = (
				en,
				Base,
				zh-Hans,
			);
			mainGroup = 4B1BA6DC914743F582C1F8F0;
			productRefGroup = E61AA139E70D451EA6E09F44 /* Products */;
			projectDirPath = "";
			projectRoot = "";
			targets = (
				CD12FFE22DC94569A313A194 /* CountDown */,
				3E6C992BC8BC43A09339747C /* CountDownWidget */,
			);
		};
/* End PBXProject section */

/* Begin PBXResourcesBuildPhase section */
		901C672FFD7647B59BE18DC8 /* Resources */ = {
			isa = PBXResourcesBuildPhase;
			buildActionMask = 2147483647;
			files = (
				EEFC6D379C434029BAB31BE6 /* Assets.xcassets in Resources */,
			);
			runOnlyForDeploymentPostprocessing = 0;
		};
		35EB61ADE58C4C45A9E190FF /* Resources */ = {
			isa = PBXResourcesBuildPhase;
			buildActionMask = 2147483647;
			files = (
				0B53319138F148D8A6CED019 /* Assets.xcassets in Resources */,
			);
			runOnlyForDeploymentPostprocessing = 0;
		};
/* End PBXResourcesBuildPhase section */

/* Begin PBXSourcesBuildPhase section */
		106A3792027C44C49E22A8FA /* Sources */ = {
			isa = PBXSourcesBuildPhase;
			buildActionMask = 2147483647;
			files = (
				FCBC887D6FB7470AB5277F3A /* CountDownApp.swift in Sources */,
				2074633A40F541D5ADA777E8 /* ContentView.swift in Sources */,
				1F737A2FFAF74D8D813746F1 /* AddEventView.swift in Sources */,
				1B7F87E1BE714D2CA0D390A4 /* EventDetailView.swift in Sources */,
				6DBAEAEC8B19461AA8D9FE25 /* CountdownEvent.swift in Sources */,
				7D5E365EC86B4768AE32B304 /* LunarCalendar.swift in Sources */,
				DD97954FD2624D12A1755276 /* ThemeManager.swift in Sources */,
				265F0D82B1D141B7A30D8144 /* NotificationManager.swift in Sources */,
			);
			runOnlyForDeploymentPostprocessing = 0;
		};
		DB409FFDC034455DA250D78F /* Sources */ = {
			isa = PBXSourcesBuildPhase;
			buildActionMask = 2147483647;
			files = (
				BE60BB09F3EF450BB5B1BCC0 /* CountDownWidget.swift in Sources */,
			);
			runOnlyForDeploymentPostprocessing = 0;
		};
/* End PBXSourcesBuildPhase section */

/* Begin XCBuildConfiguration section */
		2A4CA2400DF54D98AAFF6B06 /* Debug */ = {
			isa = XCBuildConfiguration;
			buildSettings = {
				ALWAYS_SEARCH_USER_PATHS = NO;
				CLANG_ANALYZER_NONNULL = YES;
				CLANG_CXX_LANGUAGE_STANDARD = "gnu++20";
				CLANG_ENABLE_MODULES = YES;
				CLANG_ENABLE_OBJC_ARC = YES;
				CLANG_WARN_BLOCK_CAPTURE_AUTORELEASING = YES;
				CLANG_WARN_BOOL_CONVERSION = YES;
				CLANG_WARN_COMMA = YES;
				CLANG_WARN_CONSTANT_CONVERSION = YES;
				CLANG_WARN_DEPRECATED_OBJC_IMPLEMENTATIONS = YES;
				CLANG_WARN_DIRECT_OBJC_ISA_USAGE = YES_ERROR;
				CLANG_WARN_DOCUMENTATION_COMMENTS = YES;
				CLANG_WARN_EMPTY_BODY = YES;
				CLANG_WARN_ENUM_CONVERSION = YES;
				CLANG_WARN_INFINITE_RECURSION = YES;
				CLANG_WARN_INT_CONVERSION = YES;
				CLANG_WARN_OBJC_IMPLICIT_RETAIN_SELF = YES;
				CLANG_WARN_OBJC_LITERAL_CONVERSION = YES;
				CLANG_WARN_OBJC_ROOT_CLASS = YES_ERROR;
				CLANG_WARN_QUOTED_INCLUDE_IN_FRAMEWORK_HEADER = YES;
				CLANG_WARN_RANGE_LOOP_ANALYSIS = YES;
				CLANG_WARN_STRICT_PROTOTYPES = YES;
				CLANG_WARN_SUSPICIOUS_MOVE = YES;
				CLANG_WARN_UNGUARDED_AVAILABILITY = YES_AGGRESSIVE;
				CLANG_WARN_UNREACHABLE_CODE = YES;
				COPY_PHASE_STRIP = NO;
				GCC_C_LANGUAGE_STANDARD = gnu17;
				GCC_DYNAMIC_NO_PIC = NO;
				GCC_NO_COMMON_BLOCKS = YES;
				GCC_OPTIMIZATION_LEVEL = 0;
				GCC_WARN_64_TO_32_BIT_CONVERSION = YES;
				GCC_WARN_ABOUT_RETURN_TYPE = YES_ERROR;
				GCC_WARN_UNDECLARED_SELECTOR = YES;
				GCC_WARN_UNINITIALIZED_AUTOS = YES_AGGRESSIVE;
				GCC_WARN_UNUSED_FUNCTION = YES;
				GCC_WARN_UNUSED_VARIABLE = YES;
				IPHONEOS_DEPLOYMENT_TARGET = 16.0;
				MTL_ENABLE_DEBUG_INFO = INCLUDE_SOURCE;
				MTL_FAST_MATH = YES;
				ONLY_ACTIVE_ARCH = YES;
				SDKROOT = iphoneos;
				SWIFT_ACTIVE_COMPILATION_CONDITIONS = "DEBUG";
				SWIFT_OPTIMIZATION_LEVEL = "-Onone";
			};
			name = Debug;
		};
		77C961C47DB049DDBE27D75D /* Release */ = {
			isa = XCBuildConfiguration;
			buildSettings = {
				ALWAYS_SEARCH_USER_PATHS = NO;
				CLANG_ANALYZER_NONNULL = YES;
				CLANG_CXX_LANGUAGE_STANDARD = "gnu++20";
				CLANG_ENABLE_MODULES = YES;
				CLANG_ENABLE_OBJC_ARC = YES;
				CLANG_WARN_BLOCK_CAPTURE_AUTORELEASING = YES;
				CLANG_WARN_BOOL_CONVERSION = YES;
				CLANG_WARN_COMMA = YES;
				CLANG_WARN_CONSTANT_CONVERSION = YES;
				CLANG_WARN_DEPRECATED_OBJC_IMPLEMENTATIONS = YES;
				CLANG_WARN_DIRECT_OBJC_ISA_USAGE = YES_ERROR;
				CLANG_WARN_DOCUMENTATION_COMMENTS = YES;
				CLANG_WARN_EMPTY_BODY = YES;
				CLANG_WARN_ENUM_CONVERSION = YES;
				CLANG_WARN_INFINITE_RECURSION = YES;
				CLANG_WARN_INT_CONVERSION = YES;
				CLANG_WARN_OBJC_IMPLICIT_RETAIN_SELF = YES;
				CLANG_WARN_OBJC_LITERAL_CONVERSION = YES;
				CLANG_WARN_OBJC_ROOT_CLASS = YES_ERROR;
				CLANG_WARN_QUOTED_INCLUDE_IN_FRAMEWORK_HEADER = YES;
				CLANG_WARN_RANGE_LOOP_ANALYSIS = YES;
				CLANG_WARN_STRICT_PROTOTYPES = YES;
				CLANG_WARN_SUSPICIOUS_MOVE = YES;
				CLANG_WARN_UNGUARDED_AVAILABILITY = YES_AGGRESSIVE;
				CLANG_WARN_UNREACHABLE_CODE = YES;
				COPY_PHASE_STRIP = NO;
				GCC_C_LANGUAGE_STANDARD = gnu17;
				GCC_NO_COMMON_BLOCKS = YES;
				GCC_OPTIMIZATION_LEVEL = s;
				GCC_WARN_64_TO_32_BIT_CONVERSION = YES;
				GCC_WARN_ABOUT_RETURN_TYPE = YES_ERROR;
				GCC_WARN_UNDECLARED_SELECTOR = YES;
				GCC_WARN_UNINITIALIZED_AUTOS = YES_AGGRESSIVE;
				GCC_WARN_UNUSED_FUNCTION = YES;
				GCC_WARN_UNUSED_VARIABLE = YES;
				IPHONEOS_DEPLOYMENT_TARGET = 16.0;
				MTL_ENABLE_DEBUG_INFO = NO;
				MTL_FAST_MATH = YES;
				SDKROOT = iphoneos;
				SWIFT_COMPILATION_MODE = wholemodule;
				SWIFT_OPTIMIZATION_LEVEL = "-O";
			};
			name = Release;
		};
		AEAC846DF9C84F83A8D23D72 /* Debug */ = {
			isa = XCBuildConfiguration;
			buildSettings = {
				ASSETCATALOG_COMPILER_APPICON_NAME = AppIcon;
				ASSETCATALOG_COMPILER_GLOBAL_ACCENT_COLOR_NAME = AccentColor;
				CODE_SIGN_STYLE = Automatic;
				CURRENT_PROJECT_VERSION = 1;
				GENERATE_INFOPLIST_FILE = YES;
				INFOPLIST_FILE = CountDown/Info.plist;
				INFOPLIST_KEY_UIApplicationSceneManifest_Generation = YES;
				INFOPLIST_KEY_UIApplicationSupportsIndirectInputEvents = YES;
				INFOPLIST_KEY_UILaunchScreen_Generation = YES;
				INFOPLIST_KEY_UISupportedInterfaceOrientations = UIInterfaceOrientationPortrait;
				LD_RUNPATH_SEARCH_PATHS = (
					"$(inherited)",
					"@executable_path/Frameworks",
				);
				MARKETING_VERSION = 1.0;
				PRODUCT_BUNDLE_IDENTIFIER = com.kxoneday.countdown;
				PRODUCT_NAME = "$(TARGET_NAME)";
				SWIFT_EMIT_LOC_STRINGS = YES;
				SWIFT_VERSION = 5.0;
				TARGETED_DEVICE_FAMILY = "1,2";
			};
			name = Debug;
		};
		87BB7D9424A049DBBD084A97 /* Release */ = {
			isa = XCBuildConfiguration;
			buildSettings = {
				ASSETCATALOG_COMPILER_APPICON_NAME = AppIcon;
				ASSETCATALOG_COMPILER_GLOBAL_ACCENT_COLOR_NAME = AccentColor;
				CODE_SIGN_STYLE = Automatic;
				CURRENT_PROJECT_VERSION = 1;
				GENERATE_INFOPLIST_FILE = YES;
				INFOPLIST_FILE = CountDown/Info.plist;
				INFOPLIST_KEY_UIApplicationSceneManifest_Generation = YES;
				INFOPLIST_KEY_UIApplicationSupportsIndirectInputEvents = YES;
				INFOPLIST_KEY_UILaunchScreen_Generation = YES;
				INFOPLIST_KEY_UISupportedInterfaceOrientations = UIInterfaceOrientationPortrait;
				LD_RUNPATH_SEARCH_PATHS = (
					"$(inherited)",
					"@executable_path/Frameworks",
				);
				MARKETING_VERSION = 1.0;
				PRODUCT_BUNDLE_IDENTIFIER = com.kxoneday.countdown;
				PRODUCT_NAME = "$(TARGET_NAME)";
				SWIFT_EMIT_LOC_STRINGS = YES;
				SWIFT_VERSION = 5.0;
				TARGETED_DEVICE_FAMILY = "1,2";
			};
			name = Release;
		};
		7FD532D535CA4D07964DC754 /* Debug */ = {
			isa = XCBuildConfiguration;
			buildSettings = {
				ASSETCATALOG_COMPILER_GLOBAL_ACCENT_COLOR_NAME = AccentColor;
				ASSETCATALOG_COMPILER_WIDGET_BACKGROUND_COLOR_NAME = WidgetBackground;
				CODE_SIGN_STYLE = Automatic;
				CURRENT_PROJECT_VERSION = 1;
				GENERATE_INFOPLIST_FILE = YES;
				INFOPLIST_FILE = CountDownWidget/Info.plist;
				INFOPLIST_KEY_CFBundleDisplayName = "倒数日小组件";
				INFOPLIST_KEY_NSHumanReadableCopyright = "";
				LD_RUNPATH_SEARCH_PATHS = (
					"$(inherited)",
					"@executable_path/Frameworks",
					"@executable_path/../../Frameworks",
				);
				MARKETING_VERSION = 1.0;
				PRODUCT_BUNDLE_IDENTIFIER = com.kxoneday.countdown.widget;
				PRODUCT_NAME = "$(TARGET_NAME)";
				SKIP_INSTALL = YES;
				SWIFT_EMIT_LOC_STRINGS = NO;
				SWIFT_VERSION = 5.0;
				TARGETED_DEVICE_FAMILY = "1,2";
			};
			name = Debug;
		};
		684D9A71B3214EB5BD193DFF /* Release */ = {
			isa = XCBuildConfiguration;
			buildSettings = {
				ASSETCATALOG_COMPILER_GLOBAL_ACCENT_COLOR_NAME = AccentColor;
				ASSETCATALOG_COMPILER_WIDGET_BACKGROUND_COLOR_NAME = WidgetBackground;
				CODE_SIGN_STYLE = Automatic;
				CURRENT_PROJECT_VERSION = 1;
				GENERATE_INFOPLIST_FILE = YES;
				INFOPLIST_FILE = CountDownWidget/Info.plist;
				INFOPLIST_KEY_CFBundleDisplayName = "倒数日小组件";
				INFOPLIST_KEY_NSHumanReadableCopyright = "";
				LD_RUNPATH_SEARCH_PATHS = (
					"$(inherited)",
					"@executable_path/Frameworks",
					"@executable_path/../../Frameworks",
				);
				MARKETING_VERSION = 1.0;
				PRODUCT_BUNDLE_IDENTIFIER = com.kxoneday.countdown.widget;
				PRODUCT_NAME = "$(TARGET_NAME)";
				SKIP_INSTALL = YES;
				SWIFT_EMIT_LOC_STRINGS = NO;
				SWIFT_VERSION = 5.0;
				TARGETED_DEVICE_FAMILY = "1,2";
			};
			name = Release;
		};
/* End XCBuildConfiguration section */

/* Begin XCConfigurationList section */
		E85720A6BFBC46E4AA99EE3C /* Build configuration list for PBXProject "CountDown" */ = {
			isa = XCConfigurationList;
			buildConfigurations = (
				2A4CA2400DF54D98AAFF6B06 /* Debug */,
				77C961C47DB049DDBE27D75D /* Release */,
			);
			defaultConfigurationIsVisible = 0;
			defaultConfigurationName = Release;
		};
		0302A5FBAE07499283110338 /* Build configuration list for PBXNativeTarget "CountDown" */ = {
			isa = XCConfigurationList;
			buildConfigurations = (
				AEAC846DF9C84F83A8D23D72 /* Debug */,
				87BB7D9424A049DBBD084A97 /* Release */,
			);
			defaultConfigurationIsVisible = 0;
			defaultConfigurationName = Release;
		};
		465D6C10797F45F383AFC00E /* Build configuration list for PBXNativeTarget "CountDownWidget" */ = {
			isa = XCConfigurationList;
			buildConfigurations = (
				7FD532D535CA4D07964DC754 /* Debug */,
				684D9A71B3214EB5BD193DFF /* Release */,
			);
			defaultConfigurationIsVisible = 0;
			defaultConfigurationName = Release;
		};
/* End XCConfigurationList section */

	};
	rootObject = 3B1E95441F24486FA62BB6DD;
}